lockfileVersion: '9.0'

settings:
  autoInstallPeers: true
  excludeLinksFromLockfile: false

importers:

  .:
    dependencies:
      hono:
        specifier: ^4.6.15
        version: 4.6.15

packages:

  hono@4.6.15:
    resolution: {integrity: sha512-OiQwvAOAaI2JrABBH69z5rsctHDzFzIKJge0nYXgtzGJ0KftwLWcBXm1upJC23/omNRtnqM0gjRMbtXshPdqhQ==}
    engines: {node: '>=16.9.0'}

snapshots:

  hono@4.6.15: {}
